// !$*UTF8*$!
{
	archiveVersion = 1;
	classes = {
	};
	objectVersion = 46;
	objects = {

/* Begin PBXBuildFile section */
		1D22B5CA1F5221DB00903AD4 /* Main.storyboard in Resources */ = {isa = PBXBuildFile; fileRef = 1D22B5C91F5221DB00903AD4 /* Main.storyboard */; };
		1D22B5CC1F5225C700903AD4 /* pocs in Resources */ = {isa = PBXBuildFile; fileRef = 1D22B5CB1F5225C700903AD4 /* pocs */; };
		1D7579B01F4F2FA000408C5A /* apple_ave_pwn.m in Sources */ = {isa = PBXBuildFile; fileRef = 1D7579AD1F4F2FA000408C5A /* apple_ave_pwn.m */; };
		1D7579B11F4F2FA000408C5A /* apple_ave_utils.m in Sources */ = {isa = PBXBuildFile; fileRef = 1D7579AF1F4F2FA000408C5A /* apple_ave_utils.m */; };
		1D7579B81F4F2FB200408C5A /* devicesupport.m in Sources */ = {isa = PBXBuildFile; fileRef = 1D7579B51F4F2FB200408C5A /* devicesupport.m */; };
		1D7579B91F4F2FB200408C5A /* heap_spray.m in Sources */ = {isa = PBXBuildFile; fileRef = 1D7579B71F4F2FB200408C5A /* heap_spray.m */; };
		1D7579BC1F4F2FC700408C5A /* offsets.m in Sources */ = {isa = PBXBuildFile; fileRef = 1D7579BB1F4F2FC700408C5A /* offsets.m */; };
		1D7579C31F4F2FD500408C5A /* post_exploit.m in Sources */ = {isa = PBXBuildFile; fileRef = 1D7579BE1F4F2FD500408C5A /* post_exploit.m */; };
		1D7579C41F4F2FD500408C5A /* rwx.m in Sources */ = {isa = PBXBuildFile; fileRef = 1D7579C01F4F2FD500408C5A /* rwx.m */; };
		1D7579C51F4F2FD500408C5A /* utils.m in Sources */ = {isa = PBXBuildFile; fileRef = 1D7579C21F4F2FD500408C5A /* utils.m */; };
		1D7579C81F4F2FE300408C5A /* log.m in Sources */ = {isa = PBXBuildFile; fileRef = 1D7579C71F4F2FE300408C5A /* log.m */; };
		1D7579CD1F4F324400408C5A /* devicesupport.m in Sources */ = {isa = PBXBuildFile; fileRef = 1D7579CC1F4F324400408C5A /* devicesupport.m */; };
		1D7579D51F4F333700408C5A /* iosurface_utils.m in Sources */ = {isa = PBXBuildFile; fileRef = 1D7579D41F4F333700408C5A /* iosurface_utils.m */; };
		1D7579D81F4F336000408C5A /* kernel_read.m in Sources */ = {isa = PBXBuildFile; fileRef = 1D7579D71F4F336000408C5A /* kernel_read.m */; };
		82993E881F517EA9007A7F5B /* cdhash.c in Sources */ = {isa = PBXBuildFile; fileRef = 82993E791F517EA9007A7F5B /* cdhash.c */; };
		82993E891F517EA9007A7F5B /* cdhash.h in Sources */ = {isa = PBXBuildFile; fileRef = 82993E7A1F517EA9007A7F5B /* cdhash.h */; };
		82993E8A1F517EA9007A7F5B /* debugger_support.c in Sources */ = {isa = PBXBuildFile; fileRef = 82993E7B1F517EA9007A7F5B /* debugger_support.c */; };
		82993E8B1F517EA9007A7F5B /* debugger_support.h in Sources */ = {isa = PBXBuildFile; fileRef = 82993E7C1F517EA9007A7F5B /* debugger_support.h */; };
		82993E8C1F517EA9007A7F5B /* drop_payload.c in Sources */ = {isa = PBXBuildFile; fileRef = 82993E7D1F517EA9007A7F5B /* drop_payload.c */; };
		82993E8D1F517EA9007A7F5B /* minibplist16.c in Sources */ = {isa = PBXBuildFile; fileRef = 82993E7E1F517EA9007A7F5B /* minibplist16.c */; };
		82993E8E1F517EA9007A7F5B /* patch_amfid.c in Sources */ = {isa = PBXBuildFile; fileRef = 82993E7F1F517EA9007A7F5B /* patch_amfid.c */; };
		82993E8F1F517EA9007A7F5B /* post_exploit.c in Sources */ = {isa = PBXBuildFile; fileRef = 82993E801F517EA9007A7F5B /* post_exploit.c */; };
		82993E901F517EA9007A7F5B /* remote_call.c in Sources */ = {isa = PBXBuildFile; fileRef = 82993E811F517EA9007A7F5B /* remote_call.c */; };
		82993E911F517EA9007A7F5B /* remote_file.c in Sources */ = {isa = PBXBuildFile; fileRef = 82993E821F517EA9007A7F5B /* remote_file.c */; };
		82993E921F517EA9007A7F5B /* remote_memory.c in Sources */ = {isa = PBXBuildFile; fileRef = 82993E831F517EA9007A7F5B /* remote_memory.c */; };
		82993E931F517EA9007A7F5B /* remote_ports.c in Sources */ = {isa = PBXBuildFile; fileRef = 82993E841F517EA9007A7F5B /* remote_ports.c */; };
		82993E941F517EA9007A7F5B /* sploit.c in Sources */ = {isa = PBXBuildFile; fileRef = 82993E851F517EA9007A7F5B /* sploit.c */; };
		82993E951F517EA9007A7F5B /* task_ports.c in Sources */ = {isa = PBXBuildFile; fileRef = 82993E861F517EA9007A7F5B /* task_ports.c */; };
		82993E961F517EA9007A7F5B /* xpc_handshake.c in Sources */ = {isa = PBXBuildFile; fileRef = 82993E871F517EA9007A7F5B /* xpc_handshake.c */; };
		82993EA11F517EB9007A7F5B /* oxpc_array.c in Sources */ = {isa = PBXBuildFile; fileRef = 82993E971F517EB9007A7F5B /* oxpc_array.c */; };
		82993EA21F517EB9007A7F5B /* oxpc_data.c in Sources */ = {isa = PBXBuildFile; fileRef = 82993E981F517EB9007A7F5B /* oxpc_data.c */; };
		82993EA31F517EB9007A7F5B /* oxpc_dictionary.c in Sources */ = {isa = PBXBuildFile; fileRef = 82993E991F517EB9007A7F5B /* oxpc_dictionary.c */; };
		82993EA41F517EB9007A7F5B /* oxpc_mach_send.c in Sources */ = {isa = PBXBuildFile; fileRef = 82993E9A1F517EB9007A7F5B /* oxpc_mach_send.c */; };
		82993EA51F517EB9007A7F5B /* oxpc_object.c in Sources */ = {isa = PBXBuildFile; fileRef = 82993E9B1F517EB9007A7F5B /* oxpc_object.c */; };
		82993EA61F517EB9007A7F5B /* oxpc_ool_data.c in Sources */ = {isa = PBXBuildFile; fileRef = 82993E9C1F517EB9007A7F5B /* oxpc_ool_data.c */; };
		82993EA71F517EB9007A7F5B /* oxpc_string.c in Sources */ = {isa = PBXBuildFile; fileRef = 82993E9D1F517EB9007A7F5B /* oxpc_string.c */; };
		82993EA81F517EB9007A7F5B /* oxpc_uint64.c in Sources */ = {isa = PBXBuildFile; fileRef = 82993E9E1F517EB9007A7F5B /* oxpc_uint64.c */; };
		82993EA91F517EB9007A7F5B /* oxpc_utils.c in Sources */ = {isa = PBXBuildFile; fileRef = 82993E9F1F517EB9007A7F5B /* oxpc_utils.c */; };
		82993EAA1F517EB9007A7F5B /* oxpc_uuid.c in Sources */ = {isa = PBXBuildFile; fileRef = 82993EA01F517EB9007A7F5B /* oxpc_uuid.c */; };
		EA1A3BA81E398E33009CA025 /* 0.reload.plist in Resources */ = {isa = PBXBuildFile; fileRef = EA1A3BA61E398E33009CA025 /* 0.reload.plist */; };
		EA1A3BAD1E399006009CA025 /* reload in Resources */ = {isa = PBXBuildFile; fileRef = EA1A3BAC1E399006009CA025 /* reload */; };
		EA1A3BC51E39D1FF009CA025 /* Assets.xcassets in Resources */ = {isa = PBXBuildFile; fileRef = EA1A3BC41E39D1FF009CA025 /* Assets.xcassets */; };
		EA9900E81E1E9F060056FEBD /* main.m in Sources */ = {isa = PBXBuildFile; fileRef = EA9900E71E1E9F060056FEBD /* main.m */; };
		EA9900EB1E1E9F060056FEBD /* AppDelegate.m in Sources */ = {isa = PBXBuildFile; fileRef = EA9900EA1E1E9F060056FEBD /* AppDelegate.m */; };
		EA9900EE1E1E9F060056FEBD /* ViewController.m in Sources */ = {isa = PBXBuildFile; fileRef = EA9900ED1E1E9F060056FEBD /* ViewController.m */; };
		EA9900F61E1E9F060056FEBD /* LaunchScreen.storyboard in Resources */ = {isa = PBXBuildFile; fileRef = EA9900F41E1E9F060056FEBD /* LaunchScreen.storyboard */; };
		EA9901061E219FF10056FEBD /* bootstrap.tar in Resources */ = {isa = PBXBuildFile; fileRef = EA9901051E219FF10056FEBD /* bootstrap.tar */; };
		EA99010A1E21A04C0056FEBD /* tar in Resources */ = {isa = PBXBuildFile; fileRef = EA9901091E21A04C0056FEBD /* tar */; };
		EA99010C1E21A0520056FEBD /* launchctl in Resources */ = {isa = PBXBuildFile; fileRef = EA99010B1E21A0520056FEBD /* launchctl */; };
		EA9901141E21A1B00056FEBD /* iokitmig64.o in Frameworks */ = {isa = PBXBuildFile; fileRef = EA9901131E21A1B00056FEBD /* iokitmig64.o */; };
		EA9901191E21A2180056FEBD /* IOKit.tbd in Frameworks */ = {isa = PBXBuildFile; fileRef = EA9901181E21A2180056FEBD /* IOKit.tbd */; };
		EAA7F7C71E3EE4AF00BE3C64 /* dropbear.plist in Resources */ = {isa = PBXBuildFile; fileRef = EAA7F7C61E3EE4AF00BE3C64 /* dropbear.plist */; };
/* End PBXBuildFile section */

/* Begin PBXFileReference section */
		1D22B5C91F5221DB00903AD4 /* Main.storyboard */ = {isa = PBXFileReference; fileEncoding = 4; lastKnownFileType = file.storyboard; path = Main.storyboard; sourceTree = "<group>"; };
		1D22B5CB1F5225C700903AD4 /* pocs */ = {isa = PBXFileReference; lastKnownFileType = folder; path = pocs; sourceTree = "<group>"; };
		1D7579AC1F4F2FA000408C5A /* apple_ave_pwn.h */ = {isa = PBXFileReference; fileEncoding = 4; lastKnownFileType = sourcecode.c.h; path = apple_ave_pwn.h; sourceTree = "<group>"; };
		1D7579AD1F4F2FA000408C5A /* apple_ave_pwn.m */ = {isa = PBXFileReference; fileEncoding = 4; lastKnownFileType = sourcecode.c.objc; path = apple_ave_pwn.m; sourceTree = "<group>"; };
		1D7579AE1F4F2FA000408C5A /* apple_ave_utils.h */ = {isa = PBXFileReference; fileEncoding = 4; lastKnownFileType = sourcecode.c.h; path = apple_ave_utils.h; sourceTree = "<group>"; };
		1D7579AF1F4F2FA000408C5A /* apple_ave_utils.m */ = {isa = PBXFileReference; fileEncoding = 4; lastKnownFileType = sourcecode.c.objc; path = apple_ave_utils.m; sourceTree = "<group>"; };
		1D7579B21F4F2FB200408C5A /* device_port.h */ = {isa = PBXFileReference; fileEncoding = 4; lastKnownFileType = sourcecode.c.h; path = device_port.h; sourceTree = "<group>"; };
		1D7579B31F4F2FB200408C5A /* device_types.h */ = {isa = PBXFileReference; fileEncoding = 4; lastKnownFileType = sourcecode.c.h; path = device_types.h; sourceTree = "<group>"; };
		1D7579B51F4F2FB200408C5A /* devicesupport.m */ = {isa = PBXFileReference; fileEncoding = 4; lastKnownFileType = sourcecode.c.objc; path = devicesupport.m; sourceTree = "<group>"; };
		1D7579B61F4F2FB200408C5A /* heap_spray.h */ = {isa = PBXFileReference; fileEncoding = 4; lastKnownFileType = sourcecode.c.h; path = heap_spray.h; sourceTree = "<group>"; };
		1D7579B71F4F2FB200408C5A /* heap_spray.m */ = {isa = PBXFileReference; fileEncoding = 4; lastKnownFileType = sourcecode.c.objc; path = heap_spray.m; sourceTree = "<group>"; };
		1D7579BA1F4F2FBB00408C5A /* iokit.h */ = {isa = PBXFileReference; lastKnownFileType = sourcecode.c.h; path = iokit.h; sourceTree = "<group>"; };
		1D7579BB1F4F2FC700408C5A /* offsets.m */ = {isa = PBXFileReference; fileEncoding = 4; lastKnownFileType = sourcecode.c.objc; path = offsets.m; sourceTree = "<group>"; };
		1D7579BD1F4F2FD500408C5A /* post_exploit.h */ = {isa = PBXFileReference; fileEncoding = 4; lastKnownFileType = sourcecode.c.h; path = post_exploit.h; sourceTree = "<group>"; };
		1D7579BE1F4F2FD500408C5A /* post_exploit.m */ = {isa = PBXFileReference; fileEncoding = 4; lastKnownFileType = sourcecode.c.objc; path = post_exploit.m; sourceTree = "<group>"; };
		1D7579BF1F4F2FD500408C5A /* rwx.h */ = {isa = PBXFileReference; fileEncoding = 4; lastKnownFileType = sourcecode.c.h; path = rwx.h; sourceTree = "<group>"; };
		1D7579C01F4F2FD500408C5A /* rwx.m */ = {isa = PBXFileReference; fileEncoding = 4; lastKnownFileType = sourcecode.c.objc; path = rwx.m; sourceTree = "<group>"; };
		1D7579C11F4F2FD500408C5A /* utils.h */ = {isa = PBXFileReference; fileEncoding = 4; lastKnownFileType = sourcecode.c.h; path = utils.h; sourceTree = "<group>"; };
		1D7579C21F4F2FD500408C5A /* utils.m */ = {isa = PBXFileReference; fileEncoding = 4; lastKnownFileType = sourcecode.c.objc; path = utils.m; sourceTree = "<group>"; };
		1D7579C61F4F2FE300408C5A /* log.h */ = {isa = PBXFileReference; fileEncoding = 4; lastKnownFileType = sourcecode.c.h; path = log.h; sourceTree = "<group>"; };
		1D7579C71F4F2FE300408C5A /* log.m */ = {isa = PBXFileReference; fileEncoding = 4; lastKnownFileType = sourcecode.c.objc; path = log.m; sourceTree = "<group>"; };
		1D7579CA1F4F313800408C5A /* IOSurface.tbd */ = {isa = PBXFileReference; lastKnownFileType = "sourcecode.text-based-dylib-definition"; name = IOSurface.tbd; path = "../../Documents/AAPL Private Sources/IOSurface.tbd"; sourceTree = "<group>"; };
		1D7579CC1F4F324400408C5A /* devicesupport.m */ = {isa = PBXFileReference; fileEncoding = 4; lastKnownFileType = sourcecode.c.objc; path = devicesupport.m; sourceTree = "<group>"; };
		1D7579D31F4F333700408C5A /* iosurface_utils.h */ = {isa = PBXFileReference; fileEncoding = 4; lastKnownFileType = sourcecode.c.h; path = iosurface_utils.h; sourceTree = "<group>"; };
		1D7579D41F4F333700408C5A /* iosurface_utils.m */ = {isa = PBXFileReference; fileEncoding = 4; lastKnownFileType = sourcecode.c.objc; path = iosurface_utils.m; sourceTree = "<group>"; };
		1D7579D61F4F336000408C5A /* kernel_read.h */ = {isa = PBXFileReference; fileEncoding = 4; lastKnownFileType = sourcecode.c.h; path = kernel_read.h; sourceTree = "<group>"; };
		1D7579D71F4F336000408C5A /* kernel_read.m */ = {isa = PBXFileReference; fileEncoding = 4; lastKnownFileType = sourcecode.c.objc; path = kernel_read.m; sourceTree = "<group>"; };
		82993E791F517EA9007A7F5B /* cdhash.c */ = {isa = PBXFileReference; lastKnownFileType = sourcecode.c.c; name = cdhash.c; path = yalu102/sandbox/cdhash.c; sourceTree = "<group>"; };
		82993E7A1F517EA9007A7F5B /* cdhash.h */ = {isa = PBXFileReference; lastKnownFileType = sourcecode.c.h; name = cdhash.h; path = yalu102/sandbox/cdhash.h; sourceTree = "<group>"; };
		82993E7B1F517EA9007A7F5B /* debugger_support.c */ = {isa = PBXFileReference; lastKnownFileType = sourcecode.c.c; name = debugger_support.c; path = yalu102/sandbox/debugger_support.c; sourceTree = "<group>"; };
		82993E7C1F517EA9007A7F5B /* debugger_support.h */ = {isa = PBXFileReference; lastKnownFileType = sourcecode.c.h; name = debugger_support.h; path = yalu102/sandbox/debugger_support.h; sourceTree = "<group>"; };
		82993E7D1F517EA9007A7F5B /* drop_payload.c */ = {isa = PBXFileReference; lastKnownFileType = sourcecode.c.c; name = drop_payload.c; path = yalu102/sandbox/drop_payload.c; sourceTree = "<group>"; };
		82993E7E1F517EA9007A7F5B /* minibplist16.c */ = {isa = PBXFileReference; lastKnownFileType = sourcecode.c.c; name = minibplist16.c; path = yalu102/sandbox/minibplist16.c; sourceTree = "<group>"; };
		82993E7F1F517EA9007A7F5B /* patch_amfid.c */ = {isa = PBXFileReference; lastKnownFileType = sourcecode.c.c; name = patch_amfid.c; path = yalu102/sandbox/patch_amfid.c; sourceTree = "<group>"; };
		82993E801F517EA9007A7F5B /* post_exploit.c */ = {isa = PBXFileReference; lastKnownFileType = sourcecode.c.c; name = post_exploit.c; path = yalu102/sandbox/post_exploit.c; sourceTree = "<group>"; };
		82993E811F517EA9007A7F5B /* remote_call.c */ = {isa = PBXFileReference; lastKnownFileType = sourcecode.c.c; name = remote_call.c; path = yalu102/sandbox/remote_call.c; sourceTree = "<group>"; };
		82993E821F517EA9007A7F5B /* remote_file.c */ = {isa = PBXFileReference; lastKnownFileType = sourcecode.c.c; name = remote_file.c; path = yalu102/sandbox/remote_file.c; sourceTree = "<group>"; };
		82993E831F517EA9007A7F5B /* remote_memory.c */ = {isa = PBXFileReference; lastKnownFileType = sourcecode.c.c; name = remote_memory.c; path = yalu102/sandbox/remote_memory.c; sourceTree = "<group>"; };
		82993E841F517EA9007A7F5B /* remote_ports.c */ = {isa = PBXFileReference; lastKnownFileType = sourcecode.c.c; name = remote_ports.c; path = yalu102/sandbox/remote_ports.c; sourceTree = "<group>"; };
		82993E851F517EA9007A7F5B /* sploit.c */ = {isa = PBXFileReference; lastKnownFileType = sourcecode.c.c; name = sploit.c; path = yalu102/sandbox/sploit.c; sourceTree = "<group>"; };
		82993E861F517EA9007A7F5B /* task_ports.c */ = {isa = PBXFileReference; lastKnownFileType = sourcecode.c.c; name = task_ports.c; path = yalu102/sandbox/task_ports.c; sourceTree = "<group>"; };
		82993E871F517EA9007A7F5B /* xpc_handshake.c */ = {isa = PBXFileReference; lastKnownFileType = sourcecode.c.c; name = xpc_handshake.c; path = yalu102/sandbox/xpc_handshake.c; sourceTree = "<group>"; };
		82993E971F517EB9007A7F5B /* oxpc_array.c */ = {isa = PBXFileReference; lastKnownFileType = sourcecode.c.c; name = oxpc_array.c; path = yalu102/sandbox/liboxpc/oxpc_array.c; sourceTree = "<group>"; };
		82993E981F517EB9007A7F5B /* oxpc_data.c */ = {isa = PBXFileReference; lastKnownFileType = sourcecode.c.c; name = oxpc_data.c; path = yalu102/sandbox/liboxpc/oxpc_data.c; sourceTree = "<group>"; };
		82993E991F517EB9007A7F5B /* oxpc_dictionary.c */ = {isa = PBXFileReference; lastKnownFileType = sourcecode.c.c; name = oxpc_dictionary.c; path = yalu102/sandbox/liboxpc/oxpc_dictionary.c; sourceTree = "<group>"; };
		82993E9A1F517EB9007A7F5B /* oxpc_mach_send.c */ = {isa = PBXFileReference; lastKnownFileType = sourcecode.c.c; name = oxpc_mach_send.c; path = yalu102/sandbox/liboxpc/oxpc_mach_send.c; sourceTree = "<group>"; };
		82993E9B1F517EB9007A7F5B /* oxpc_object.c */ = {isa = PBXFileReference; lastKnownFileType = sourcecode.c.c; name = oxpc_object.c; path = yalu102/sandbox/liboxpc/oxpc_object.c; sourceTree = "<group>"; };
		82993E9C1F517EB9007A7F5B /* oxpc_ool_data.c */ = {isa = PBXFileReference; lastKnownFileType = sourcecode.c.c; name = oxpc_ool_data.c; path = yalu102/sandbox/liboxpc/oxpc_ool_data.c; sourceTree = "<group>"; };
		82993E9D1F517EB9007A7F5B /* oxpc_string.c */ = {isa = PBXFileReference; lastKnownFileType = sourcecode.c.c; name = oxpc_string.c; path = yalu102/sandbox/liboxpc/oxpc_string.c; sourceTree = "<group>"; };
		82993E9E1F517EB9007A7F5B /* oxpc_uint64.c */ = {isa = PBXFileReference; lastKnownFileType = sourcecode.c.c; name = oxpc_uint64.c; path = yalu102/sandbox/liboxpc/oxpc_uint64.c; sourceTree = "<group>"; };
		82993E9F1F517EB9007A7F5B /* oxpc_utils.c */ = {isa = PBXFileReference; lastKnownFileType = sourcecode.c.c; name = oxpc_utils.c; path = yalu102/sandbox/liboxpc/oxpc_utils.c; sourceTree = "<group>"; };
		82993EA01F517EB9007A7F5B /* oxpc_uuid.c */ = {isa = PBXFileReference; lastKnownFileType = sourcecode.c.c; name = oxpc_uuid.c; path = yalu102/sandbox/liboxpc/oxpc_uuid.c; sourceTree = "<group>"; };
		EA1A3BA61E398E33009CA025 /* 0.reload.plist */ = {isa = PBXFileReference; fileEncoding = 4; lastKnownFileType = text.plist.xml; path = 0.reload.plist; sourceTree = "<group>"; };
		EA1A3BAC1E399006009CA025 /* reload */ = {isa = PBXFileReference; lastKnownFileType = text.script.sh; path = reload; sourceTree = "<group>"; };
		EA1A3BC41E39D1FF009CA025 /* Assets.xcassets */ = {isa = PBXFileReference; lastKnownFileType = folder.assetcatalog; path = Assets.xcassets; sourceTree = "<group>"; };
		EA9900E31E1E9F060056FEBD /* yalu102.app */ = {isa = PBXFileReference; explicitFileType = wrapper.application; includeInIndex = 0; path = yalu102.app; sourceTree = BUILT_PRODUCTS_DIR; };
		EA9900E71E1E9F060056FEBD /* main.m */ = {isa = PBXFileReference; lastKnownFileType = sourcecode.c.objc; path = main.m; sourceTree = "<group>"; };
		EA9900E91E1E9F060056FEBD /* AppDelegate.h */ = {isa = PBXFileReference; lastKnownFileType = sourcecode.c.h; path = AppDelegate.h; sourceTree = "<group>"; };
		EA9900EA1E1E9F060056FEBD /* AppDelegate.m */ = {isa = PBXFileReference; lastKnownFileType = sourcecode.c.objc; path = AppDelegate.m; sourceTree = "<group>"; };
		EA9900EC1E1E9F060056FEBD /* ViewController.h */ = {isa = PBXFileReference; lastKnownFileType = sourcecode.c.h; path = ViewController.h; sourceTree = "<group>"; };
		EA9900ED1E1E9F060056FEBD /* ViewController.m */ = {isa = PBXFileReference; lastKnownFileType = sourcecode.c.objc; path = ViewController.m; sourceTree = "<group>"; };
		EA9900F51E1E9F060056FEBD /* Base */ = {isa = PBXFileReference; lastKnownFileType = file.storyboard; name = Base; path = Base.lproj/LaunchScreen.storyboard; sourceTree = "<group>"; };
		EA9900F71E1E9F060056FEBD /* Info.plist */ = {isa = PBXFileReference; lastKnownFileType = text.plist.xml; path = Info.plist; sourceTree = "<group>"; };
		EA9901031E219C210056FEBD /* offsets.h */ = {isa = PBXFileReference; fileEncoding = 4; lastKnownFileType = sourcecode.c.h; path = offsets.h; sourceTree = "<group>"; };
		EA9901051E219FF10056FEBD /* bootstrap.tar */ = {isa = PBXFileReference; lastKnownFileType = archive.tar; path = bootstrap.tar; sourceTree = "<group>"; };
		EA9901091E21A04C0056FEBD /* tar */ = {isa = PBXFileReference; lastKnownFileType = "compiled.mach-o.executable"; path = tar; sourceTree = "<group>"; };
		EA99010B1E21A0520056FEBD /* launchctl */ = {isa = PBXFileReference; lastKnownFileType = "compiled.mach-o.executable"; path = launchctl; sourceTree = "<group>"; };
		EA9901131E21A1B00056FEBD /* iokitmig64.o */ = {isa = PBXFileReference; lastKnownFileType = "compiled.mach-o.objfile"; path = iokitmig64.o; sourceTree = "<group>"; };
		EA9901181E21A2180056FEBD /* IOKit.tbd */ = {isa = PBXFileReference; fileEncoding = 4; lastKnownFileType = "sourcecode.text-based-dylib-definition"; path = IOKit.tbd; sourceTree = "<group>"; };
		EAA7F7C61E3EE4AF00BE3C64 /* dropbear.plist */ = {isa = PBXFileReference; explicitFileType = file.bplist; path = dropbear.plist; sourceTree = "<group>"; };
/* End PBXFileReference section */

/* Begin PBXFrameworksBuildPhase section */
		EA9900E01E1E9F060056FEBD /* Frameworks */ = {
			isa = PBXFrameworksBuildPhase;
			buildActionMask = 2147483647;
			files = (
				EA9901141E21A1B00056FEBD /* iokitmig64.o in Frameworks */,
				EA9901191E21A2180056FEBD /* IOKit.tbd in Frameworks */,
			);
			runOnlyForDeploymentPostprocessing = 0;
		};
/* End PBXFrameworksBuildPhase section */

/* Begin PBXGroup section */
		1D7579C91F4F313800408C5A /* Frameworks */ = {
			isa = PBXGroup;
			children = (
				1D7579CA1F4F313800408C5A /* IOSurface.tbd */,
			);
			name = Frameworks;
			sourceTree = "<group>";
		};
		EA9900DA1E1E9F060056FEBD = {
			isa = PBXGroup;
			children = (
				82993E971F517EB9007A7F5B /* oxpc_array.c */,
				82993E981F517EB9007A7F5B /* oxpc_data.c */,
				82993E991F517EB9007A7F5B /* oxpc_dictionary.c */,
				82993E9A1F517EB9007A7F5B /* oxpc_mach_send.c */,
				82993E9B1F517EB9007A7F5B /* oxpc_object.c */,
				82993E9C1F517EB9007A7F5B /* oxpc_ool_data.c */,
				82993E9D1F517EB9007A7F5B /* oxpc_string.c */,
				82993E9E1F517EB9007A7F5B /* oxpc_uint64.c */,
				82993E9F1F517EB9007A7F5B /* oxpc_utils.c */,
				82993EA01F517EB9007A7F5B /* oxpc_uuid.c */,
				82993E791F517EA9007A7F5B /* cdhash.c */,
				82993E7A1F517EA9007A7F5B /* cdhash.h */,
				82993E7B1F517EA9007A7F5B /* debugger_support.c */,
				82993E7C1F517EA9007A7F5B /* debugger_support.h */,
				82993E7D1F517EA9007A7F5B /* drop_payload.c */,
				82993E7E1F517EA9007A7F5B /* minibplist16.c */,
				82993E7F1F517EA9007A7F5B /* patch_amfid.c */,
				82993E801F517EA9007A7F5B /* post_exploit.c */,
				82993E811F517EA9007A7F5B /* remote_call.c */,
				82993E821F517EA9007A7F5B /* remote_file.c */,
				82993E831F517EA9007A7F5B /* remote_memory.c */,
				82993E841F517EA9007A7F5B /* remote_ports.c */,
				82993E851F517EA9007A7F5B /* sploit.c */,
				82993E861F517EA9007A7F5B /* task_ports.c */,
				82993E871F517EA9007A7F5B /* xpc_handshake.c */,
				EA9900E51E1E9F060056FEBD /* yalu102 */,
				EA9900E41E1E9F060056FEBD /* Products */,
				1D7579C91F4F313800408C5A /* Frameworks */,
			);
			sourceTree = "<group>";
		};
		EA9900E41E1E9F060056FEBD /* Products */ = {
			isa = PBXGroup;
			children = (
				EA9900E31E1E9F060056FEBD /* yalu102.app */,
			);
			name = Products;
			sourceTree = "<group>";
		};
		EA9900E51E1E9F060056FEBD /* yalu102 */ = {
			isa = PBXGroup;
			children = (
				1D22B5CB1F5225C700903AD4 /* pocs */,
				EAA7F7C61E3EE4AF00BE3C64 /* dropbear.plist */,
				EA9901031E219C210056FEBD /* offsets.h */,
				1D7579BB1F4F2FC700408C5A /* offsets.m */,
				1D7579C61F4F2FE300408C5A /* log.h */,
				1D7579C71F4F2FE300408C5A /* log.m */,
				1D7579D61F4F336000408C5A /* kernel_read.h */,
				1D7579D71F4F336000408C5A /* kernel_read.m */,
				1D7579AC1F4F2FA000408C5A /* apple_ave_pwn.h */,
				1D7579AD1F4F2FA000408C5A /* apple_ave_pwn.m */,
				1D7579AE1F4F2FA000408C5A /* apple_ave_utils.h */,
				1D7579AF1F4F2FA000408C5A /* apple_ave_utils.m */,
				1D7579BA1F4F2FBB00408C5A /* iokit.h */,
				1D7579D31F4F333700408C5A /* iosurface_utils.h */,
				1D7579D41F4F333700408C5A /* iosurface_utils.m */,
				1D7579B21F4F2FB200408C5A /* device_port.h */,
				1D7579B31F4F2FB200408C5A /* device_types.h */,
				1D7579B51F4F2FB200408C5A /* devicesupport.m */,
				1D7579B61F4F2FB200408C5A /* heap_spray.h */,
				1D7579B71F4F2FB200408C5A /* heap_spray.m */,
				1D7579BD1F4F2FD500408C5A /* post_exploit.h */,
				1D7579BE1F4F2FD500408C5A /* post_exploit.m */,
				1D7579BF1F4F2FD500408C5A /* rwx.h */,
				1D7579C01F4F2FD500408C5A /* rwx.m */,
				1D7579C11F4F2FD500408C5A /* utils.h */,
				1D7579C21F4F2FD500408C5A /* utils.m */,
				EA9900E91E1E9F060056FEBD /* AppDelegate.h */,
				EA1A3BA61E398E33009CA025 /* 0.reload.plist */,
				EA1A3BAC1E399006009CA025 /* reload */,
				EA9900EA1E1E9F060056FEBD /* AppDelegate.m */,
				EA9900EC1E1E9F060056FEBD /* ViewController.h */,
				EA9900ED1E1E9F060056FEBD /* ViewController.m */,
				1D22B5C91F5221DB00903AD4 /* Main.storyboard */,
				EA9900F41E1E9F060056FEBD /* LaunchScreen.storyboard */,
				EA9900F71E1E9F060056FEBD /* Info.plist */,
				EA9901051E219FF10056FEBD /* bootstrap.tar */,
				EA9901091E21A04C0056FEBD /* tar */,
				EA99010B1E21A0520056FEBD /* launchctl */,
				EA9901131E21A1B00056FEBD /* iokitmig64.o */,
				EA1A3BC41E39D1FF009CA025 /* Assets.xcassets */,
				EA9901181E21A2180056FEBD /* IOKit.tbd */,
				EA9900E61E1E9F060056FEBD /* Supporting Files */,
				1D7579CC1F4F324400408C5A /* devicesupport.m */,
			);
			path = yalu102;
			sourceTree = "<group>";
		};
		EA9900E61E1E9F060056FEBD /* Supporting Files */ = {
			isa = PBXGroup;
			children = (
				EA9900E71E1E9F060056FEBD /* main.m */,
			);
			name = "Supporting Files";
			sourceTree = "<group>";
		};
/* End PBXGroup section */

/* Begin PBXNativeTarget section */
		EA9900E21E1E9F060056FEBD /* yalu102 */ = {
			isa = PBXNativeTarget;
			buildConfigurationList = EA9900FA1E1E9F060056FEBD /* Build configuration list for PBXNativeTarget "yalu102" */;
			buildPhases = (
				EA9900DF1E1E9F060056FEBD /* Sources */,
				EA9900E01E1E9F060056FEBD /* Frameworks */,
				EA9900E11E1E9F060056FEBD /* Resources */,
			);
			buildRules = (
			);
			dependencies = (
			);
			name = yalu102;
			productName = yalu102;
			productReference = EA9900E31E1E9F060056FEBD /* yalu102.app */;
			productType = "com.apple.product-type.application";
		};
/* End PBXNativeTarget section */

/* Begin PBXProject section */
		EA9900DB1E1E9F060056FEBD /* Project object */ = {
			isa = PBXProject;
			attributes = {
				LastUpgradeCheck = 0820;
				ORGANIZATIONNAME = kimjongcracks;
				TargetAttributes = {
					EA9900E21E1E9F060056FEBD = {
						CreatedOnToolsVersion = 8.2.1;
						DevelopmentTeam = 9JT363B6HH;
						ProvisioningStyle = Automatic;
					};
				};
			};
			buildConfigurationList = EA9900DE1E1E9F060056FEBD /* Build configuration list for PBXProject "yalu102" */;
			compatibilityVersion = "Xcode 3.2";
			developmentRegion = English;
			hasScannedForEncodings = 0;
			knownRegions = (
				en,
				Base,
			);
			mainGroup = EA9900DA1E1E9F060056FEBD;
			productRefGroup = EA9900E41E1E9F060056FEBD /* Products */;
			projectDirPath = "";
			projectRoot = "";
			targets = (
				EA9900E21E1E9F060056FEBD /* yalu102 */,
			);
		};
/* End PBXProject section */

/* Begin PBXResourcesBuildPhase section */
		EA9900E11E1E9F060056FEBD /* Resources */ = {
			isa = PBXResourcesBuildPhase;
			buildActionMask = 2147483647;
			files = (
				EA99010A1E21A04C0056FEBD /* tar in Resources */,
				1D22B5CC1F5225C700903AD4 /* pocs in Resources */,
				EA99010C1E21A0520056FEBD /* launchctl in Resources */,
				EA9901061E219FF10056FEBD /* bootstrap.tar in Resources */,
				EA1A3BA81E398E33009CA025 /* 0.reload.plist in Resources */,
				EAA7F7C71E3EE4AF00BE3C64 /* dropbear.plist in Resources */,
				EA9900F61E1E9F060056FEBD /* LaunchScreen.storyboard in Resources */,
				1D22B5CA1F5221DB00903AD4 /* Main.storyboard in Resources */,
				EA1A3BAD1E399006009CA025 /* reload in Resources */,
				EA1A3BC51E39D1FF009CA025 /* Assets.xcassets in Resources */,
			);
			runOnlyForDeploymentPostprocessing = 0;
		};
/* End PBXResourcesBuildPhase section */

/* Begin PBXSourcesBuildPhase section */
		EA9900DF1E1E9F060056FEBD /* Sources */ = {
			isa = PBXSourcesBuildPhase;
			buildActionMask = 2147483647;
			files = (
				82993EA11F517EB9007A7F5B /* oxpc_array.c in Sources */,
				82993EA21F517EB9007A7F5B /* oxpc_data.c in Sources */,
				82993EA31F517EB9007A7F5B /* oxpc_dictionary.c in Sources */,
				82993EA41F517EB9007A7F5B /* oxpc_mach_send.c in Sources */,
				82993EA51F517EB9007A7F5B /* oxpc_object.c in Sources */,
				82993EA61F517EB9007A7F5B /* oxpc_ool_data.c in Sources */,
				82993EA71F517EB9007A7F5B /* oxpc_string.c in Sources */,
				82993EA81F517EB9007A7F5B /* oxpc_uint64.c in Sources */,
				82993EA91F517EB9007A7F5B /* oxpc_utils.c in Sources */,
				82993EAA1F517EB9007A7F5B /* oxpc_uuid.c in Sources */,
				82993E881F517EA9007A7F5B /* cdhash.c in Sources */,
				82993E891F517EA9007A7F5B /* cdhash.h in Sources */,
				82993E8A1F517EA9007A7F5B /* debugger_support.c in Sources */,
				82993E8B1F517EA9007A7F5B /* debugger_support.h in Sources */,
				82993E8C1F517EA9007A7F5B /* drop_payload.c in Sources */,
				82993E8D1F517EA9007A7F5B /* minibplist16.c in Sources */,
				82993E8E1F517EA9007A7F5B /* patch_amfid.c in Sources */,
				82993E8F1F517EA9007A7F5B /* post_exploit.c in Sources */,
				82993E901F517EA9007A7F5B /* remote_call.c in Sources */,
				82993E911F517EA9007A7F5B /* remote_file.c in Sources */,
				82993E921F517EA9007A7F5B /* remote_memory.c in Sources */,
				82993E931F517EA9007A7F5B /* remote_ports.c in Sources */,
				82993E941F517EA9007A7F5B /* sploit.c in Sources */,
				82993E951F517EA9007A7F5B /* task_ports.c in Sources */,
				82993E961F517EA9007A7F5B /* xpc_handshake.c in Sources */,
				1D7579BC1F4F2FC700408C5A /* offsets.m in Sources */,
				1D7579C31F4F2FD500408C5A /* post_exploit.m in Sources */,
				EA9900EE1E1E9F060056FEBD /* ViewController.m in Sources */,
				EA9900EB1E1E9F060056FEBD /* AppDelegate.m in Sources */,
				1D7579B01F4F2FA000408C5A /* apple_ave_pwn.m in Sources */,
				EA9900E81E1E9F060056FEBD /* main.m in Sources */,
				1D7579B11F4F2FA000408C5A /* apple_ave_utils.m in Sources */,
				1D7579D51F4F333700408C5A /* iosurface_utils.m in Sources */,
				1D7579C41F4F2FD500408C5A /* rwx.m in Sources */,
				1D7579D81F4F336000408C5A /* kernel_read.m in Sources */,
				1D7579C51F4F2FD500408C5A /* utils.m in Sources */,
				1D7579CD1F4F324400408C5A /* devicesupport.m in Sources */,
				1D7579B91F4F2FB200408C5A /* heap_spray.m in Sources */,
				1D7579C81F4F2FE300408C5A /* log.m in Sources */,
				1D7579B81F4F2FB200408C5A /* devicesupport.m in Sources */,
			);
			runOnlyForDeploymentPostprocessing = 0;
		};
/* End PBXSourcesBuildPhase section */

/* Begin PBXVariantGroup section */
		EA9900F41E1E9F060056FEBD /* LaunchScreen.storyboard */ = {
			isa = PBXVariantGroup;
			children = (
				EA9900F51E1E9F060056FEBD /* Base */,
			);
			name = LaunchScreen.storyboard;
			sourceTree = "<group>";
		};
/* End PBXVariantGroup section */

/* Begin XCBuildConfiguration section */
		EA9900F81E1E9F060056FEBD /* Debug */ = {
			isa = XCBuildConfiguration;
			buildSettings = {
				ALWAYS_SEARCH_USER_PATHS = NO;
				ARCHS = armv7;
				CLANG_ANALYZER_NONNULL = YES;
				CLANG_CXX_LANGUAGE_STANDARD = "gnu++0x";
				CLANG_CXX_LIBRARY = "libc++";
				CLANG_ENABLE_MODULES = YES;
				CLANG_ENABLE_OBJC_ARC = YES;
				CLANG_WARN_BOOL_CONVERSION = YES;
				CLANG_WARN_CONSTANT_CONVERSION = YES;
				CLANG_WARN_DIRECT_OBJC_ISA_USAGE = YES_ERROR;
				CLANG_WARN_DOCUMENTATION_COMMENTS = YES;
				CLANG_WARN_EMPTY_BODY = YES;
				CLANG_WARN_ENUM_CONVERSION = YES;
				CLANG_WARN_INFINITE_RECURSION = YES;
				CLANG_WARN_INT_CONVERSION = YES;
				CLANG_WARN_OBJC_ROOT_CLASS = YES_ERROR;
				CLANG_WARN_SUSPICIOUS_MOVE = YES;
				CLANG_WARN_UNREACHABLE_CODE = YES;
				CLANG_WARN__DUPLICATE_METHOD_MATCH = YES;
				"CODE_SIGN_IDENTITY[sdk=iphoneos*]" = "iPhone Developer";
				COPY_PHASE_STRIP = NO;
				DEBUG_INFORMATION_FORMAT = dwarf;
				ENABLE_BITCODE = NO;
				ENABLE_STRICT_OBJC_MSGSEND = YES;
				ENABLE_TESTABILITY = YES;
				GCC_C_LANGUAGE_STANDARD = gnu99;
				GCC_DYNAMIC_NO_PIC = NO;
				GCC_NO_COMMON_BLOCKS = YES;
				GCC_OPTIMIZATION_LEVEL = 0;
				GCC_PREPROCESSOR_DEFINITIONS = (
					"DEBUG=1",
					"$(inherited)",
				);
				GCC_WARN_64_TO_32_BIT_CONVERSION = YES;
				GCC_WARN_ABOUT_RETURN_TYPE = YES_ERROR;
				GCC_WARN_UNDECLARED_SELECTOR = YES;
				GCC_WARN_UNINITIALIZED_AUTOS = YES_AGGRESSIVE;
				GCC_WARN_UNUSED_FUNCTION = YES;
				GCC_WARN_UNUSED_VARIABLE = YES;
				IPHONEOS_DEPLOYMENT_TARGET = 10.0;
				LD_NO_PIE = YES;
				MTL_ENABLE_DEBUG_INFO = YES;
				ONLY_ACTIVE_ARCH = YES;
				SDKROOT = iphoneos;
				TARGETED_DEVICE_FAMILY = "1,2";
			};
			name = Debug;
		};
		EA9900F91E1E9F060056FEBD /* Release */ = {
			isa = XCBuildConfiguration;
			buildSettings = {
				ALWAYS_SEARCH_USER_PATHS = NO;
				ARCHS = armv7;
				CLANG_ANALYZER_NONNULL = YES;
				CLANG_CXX_LANGUAGE_STANDARD = "gnu++0x";
				CLANG_CXX_LIBRARY = "libc++";
				CLANG_ENABLE_MODULES = YES;
				CLANG_ENABLE_OBJC_ARC = YES;
				CLANG_WARN_BOOL_CONVERSION = YES;
				CLANG_WARN_CONSTANT_CONVERSION = YES;
				CLANG_WARN_DIRECT_OBJC_ISA_USAGE = YES_ERROR;
				CLANG_WARN_DOCUMENTATION_COMMENTS = YES;
				CLANG_WARN_EMPTY_BODY = YES;
				CLANG_WARN_ENUM_CONVERSION = YES;
				CLANG_WARN_INFINITE_RECURSION = YES;
				CLANG_WARN_INT_CONVERSION = YES;
				CLANG_WARN_OBJC_ROOT_CLASS = YES_ERROR;
				CLANG_WARN_SUSPICIOUS_MOVE = YES;
				CLANG_WARN_UNREACHABLE_CODE = YES;
				CLANG_WARN__DUPLICATE_METHOD_MATCH = YES;
				"CODE_SIGN_IDENTITY[sdk=iphoneos*]" = "iPhone Developer";
				COPY_PHASE_STRIP = NO;
				DEBUG_INFORMATION_FORMAT = "dwarf-with-dsym";
				ENABLE_BITCODE = NO;
				ENABLE_NS_ASSERTIONS = NO;
				ENABLE_STRICT_OBJC_MSGSEND = YES;
				GCC_C_LANGUAGE_STANDARD = gnu99;
				GCC_NO_COMMON_BLOCKS = YES;
				GCC_WARN_64_TO_32_BIT_CONVERSION = YES;
				GCC_WARN_ABOUT_RETURN_TYPE = YES_ERROR;
				GCC_WARN_UNDECLARED_SELECTOR = YES;
				GCC_WARN_UNINITIALIZED_AUTOS = YES_AGGRESSIVE;
				GCC_WARN_UNUSED_FUNCTION = YES;
				GCC_WARN_UNUSED_VARIABLE = YES;
				IPHONEOS_DEPLOYMENT_TARGET = 10.0;
				LD_NO_PIE = YES;
				MTL_ENABLE_DEBUG_INFO = NO;
				SDKROOT = iphoneos;
				TARGETED_DEVICE_FAMILY = "1,2";
				VALIDATE_PRODUCT = YES;
			};
			name = Release;
		};
		EA9900FB1E1E9F060056FEBD /* Debug */ = {
			isa = XCBuildConfiguration;
			buildSettings = {
				ALWAYS_SEARCH_USER_PATHS = YES;
				ARCHS = armv7;
				ASSETCATALOG_COMPILER_APPICON_NAME = AppIcon;
				CLANG_ENABLE_OBJC_ARC = NO;
				DEVELOPMENT_TEAM = 9JT363B6HH;
				HEADER_SEARCH_PATHS = "$(PROJECT_DIR)";
				INFOPLIST_FILE = yalu102/Info.plist;
				LD_RUNPATH_SEARCH_PATHS = "$(inherited) @executable_path/Frameworks";
				LIBRARY_SEARCH_PATHS = (
					"$(inherited)",
					"$(PROJECT_DIR)/yalu102",
				);
				PRODUCT_BUNDLE_IDENTIFIER = cheeki.breeki.ivdamke;
				PRODUCT_NAME = "$(TARGET_NAME)";
				SDKROOT = iphoneos;
				VALID_ARCHS = armv7;
			};
			name = Debug;
		};
		EA9900FC1E1E9F060056FEBD /* Release */ = {
			isa = XCBuildConfiguration;
			buildSettings = {
				ALWAYS_SEARCH_USER_PATHS = YES;
				ARCHS = armv7;
				ASSETCATALOG_COMPILER_APPICON_NAME = AppIcon;
				CLANG_ENABLE_OBJC_ARC = NO;
				DEVELOPMENT_TEAM = 9JT363B6HH;
				HEADER_SEARCH_PATHS = "$(PROJECT_DIR)";
				INFOPLIST_FILE = yalu102/Info.plist;
				LD_RUNPATH_SEARCH_PATHS = "$(inherited) @executable_path/Frameworks";
				LIBRARY_SEARCH_PATHS = (
					"$(inherited)",
					"$(PROJECT_DIR)/yalu102",
				);
				PRODUCT_BUNDLE_IDENTIFIER = cheeki.breeki.ivdamke;
				PRODUCT_NAME = "$(TARGET_NAME)";
				SDKROOT = iphoneos;
				VALID_ARCHS = armv7;
			};
			name = Release;
		};
/* End XCBuildConfiguration section */

/* Begin XCConfigurationList section */
		EA9900DE1E1E9F060056FEBD /* Build configuration list for PBXProject "yalu102" */ = {
			isa = XCConfigurationList;
			buildConfigurations = (
				EA9900F81E1E9F060056FEBD /* Debug */,
				EA9900F91E1E9F060056FEBD /* Release */,
			);
			defaultConfigurationIsVisible = 0;
			defaultConfigurationName = Release;
		};
		EA9900FA1E1E9F060056FEBD /* Build configuration list for PBXNativeTarget "yalu102" */ = {
			isa = XCConfigurationList;
			buildConfigurations = (
				EA9900FB1E1E9F060056FEBD /* Debug */,
				EA9900FC1E1E9F060056FEBD /* Release */,
			);
			defaultConfigurationIsVisible = 0;
			defaultConfigurationName = Release;
		};
/* End XCConfigurationList section */
	};
	rootObject = EA9900DB1E1E9F060056FEBD /* Project object */;
}
